
Microsoft Visual Studio Solution File, Format Version 12.00
# Visual Studio 14
VisualStudioVersion = 14.0.23107.0
MinimumVisualStudioVersion = 10.0.40219.1
Project("{2150E333-8FDC-42A3-9474-1A3956D46DE8}") = "src", "src", "{1852BDF6-EFB2-44CF-B567-EE14E84294F2}"
EndProject
Project("{2150E333-8FDC-42A3-9474-1A3956D46DE8}") = "Solution Items", "Solution Items", "{3992EC09-E011-4296-B6D0-9B4724CF7EE2}"
	ProjectSection(SolutionItems) = preProject
		global.json = global.json
		NuGet.Config = NuGet.Config
	EndProjectSection
EndProject
Project("{8BB2217D-0F2D-49D1-97BC-3654ED321F3B}") = "Core", "src\Core\Core.xproj", "{7CD6F24F-F93B-4F01-8802-92B410BE7B2F}"
EndProject
Project("{8BB2217D-0F2D-49D1-97BC-3654ED321F3B}") = "DataAccess", "src\DataAccess\DataAccess.xproj", "{E1395A63-1FDF-461C-BE31-24B35CA96121}"
EndProject
Project("{8BB2217D-0F2D-49D1-97BC-3654ED321F3B}") = "UnitTests", "src\UnitTests\UnitTests.xproj", "{B509520C-61EB-4098-9CC3-6E1E206C92B9}"
EndProject
Global
	GlobalSection(SolutionConfigurationPlatforms) = preSolution
		Debug|Any CPU = Debug|Any CPU
		Release|Any CPU = Release|Any CPU
	EndGlobalSection
	GlobalSection(ProjectConfigurationPlatforms) = postSolution
		{7CD6F24F-F93B-4F01-8802-92B410BE7B2F}.Debug|Any CPU.ActiveCfg = Debug|Any CPU
		{7CD6F24F-F93B-4F01-8802-92B410BE7B2F}.Debug|Any CPU.Build.0 = Debug|Any CPU
		{7CD6F24F-F93B-4F01-8802-92B410BE7B2F}.Release|Any CPU.ActiveCfg = Release|Any CPU
		{7CD6F24F-F93B-4F01-8802-92B410BE7B2F}.Release|Any CPU.Build.0 = Release|Any CPU
		{E1395A63-1FDF-461C-BE31-24B35CA96121}.Debug|Any CPU.ActiveCfg = Debug|Any CPU
		{E1395A63-1FDF-461C-BE31-24B35CA96121}.Debug|Any CPU.Build.0 = Debug|Any CPU
		{E1395A63-1FDF-461C-BE31-24B35CA96121}.Release|Any CPU.ActiveCfg = Release|Any CPU
		{E1395A63-1FDF-461C-BE31-24B35CA96121}.Release|Any CPU.Build.0 = Release|Any CPU
		{B509520C-61EB-4098-9CC3-6E1E206C92B9}.Debug|Any CPU.ActiveCfg = Debug|Any CPU
		{B509520C-61EB-4098-9CC3-6E1E206C92B9}.Debug|Any CPU.Build.0 = Debug|Any CPU
		{B509520C-61EB-4098-9CC3-6E1E206C92B9}.Release|Any CPU.ActiveCfg = Release|Any CPU
		{B509520C-61EB-4098-9CC3-6E1E206C92B9}.Release|Any CPU.Build.0 = Release|Any CPU
	EndGlobalSection
	GlobalSection(SolutionProperties) = preSolution
		HideSolutionNode = FALSE
	EndGlobalSection
	GlobalSection(NestedProjects) = preSolution
		{7CD6F24F-F93B-4F01-8802-92B410BE7B2F} = {1852BDF6-EFB2-44CF-B567-EE14E84294F2}
		{E1395A63-1FDF-461C-BE31-24B35CA96121} = {1852BDF6-EFB2-44CF-B567-EE14E84294F2}
		{B509520C-61EB-4098-9CC3-6E1E206C92B9} = {1852BDF6-EFB2-44CF-B567-EE14E84294F2}
	EndGlobalSection
EndGlobal
